
Microsoft Visual Studio Solution File, Format Version 12.00
# Visual Studio Version 17
VisualStudioVersion = 17.0.31903.59
MinimumVisualStudioVersion = 10.0.40219.1
Project("{FAE04EC0-301F-11D3-BF4B-00C04F79EFBC}") = "RevitAPI5", "RevitAPI5.csproj", "{0FD372D0-2C36-4B0A-8DC3-0E1FD424707E}"
EndProject
Project("{FAE04EC0-301F-11D3-BF4B-00C04F79EFBC}") = "RevitApiTraningLibrary", "..\RevitApiTraningLibrary\RevitApiTraningLibrary.csproj", "{F651290C-950E-4041-BD32-40FE840D0635}"
EndProject
Global
	GlobalSection(SolutionConfigurationPlatforms) = preSolution
		Debug|Any CPU = Debug|Any CPU
		Release|Any CPU = Release|Any CPU
	EndGlobalSection
	GlobalSection(ProjectConfigurationPlatforms) = postSolution
		{0FD372D0-2C36-4B0A-8DC3-0E1FD424707E}.Debug|Any CPU.ActiveCfg = Debug|Any CPU
		{0FD372D0-2C36-4B0A-8DC3-0E1FD424707E}.Debug|Any CPU.Build.0 = Debug|Any CPU
		{0FD372D0-2C36-4B0A-8DC3-0E1FD424707E}.Release|Any CPU.ActiveCfg = Release|Any CPU
		{0FD372D0-2C36-4B0A-8DC3-0E1FD424707E}.Release|Any CPU.Build.0 = Release|Any CPU
		{F651290C-950E-4041-BD32-40FE840D0635}.Debug|Any CPU.ActiveCfg = Debug|Any CPU
		{F651290C-950E-4041-BD32-40FE840D0635}.Debug|Any CPU.Build.0 = Debug|Any CPU
		{F651290C-950E-4041-BD32-40FE840D0635}.Release|Any CPU.ActiveCfg = Release|Any CPU
		{F651290C-950E-4041-BD32-40FE840D0635}.Release|Any CPU.Build.0 = Release|Any CPU
	EndGlobalSection
	GlobalSection(SolutionProperties) = preSolution
		HideSolutionNode = FALSE
	EndGlobalSection
	GlobalSection(ExtensibilityGlobals) = postSolution
		SolutionGuid = {D8BB19E9-19CD-4C0A-8405-5188106A72E2}
	EndGlobalSection
EndGlobal
